
Microsoft Visual Studio Solution File, Format Version 12.00
# Visual Studio Version 17
VisualStudioVersion = 17.7.34202.233
MinimumVisualStudioVersion = 10.0.40219.1
Project("{8BC9CEB8-8B4A-11D0-8D11-00A0C91BC942}") = "Project1", "Project1.vcxproj", "{3D7209A1-9D7A-4C1C-B5B7-B9E7E0AE6124}"
EndProject
Global
	GlobalSection(SolutionConfigurationPlatforms) = preSolution
		Debug|x64 = Debug|x64
		Debug|x86 = Debug|x86
		Release|x64 = Release|x64
		Release|x86 = Release|x86
	EndGlobalSection
	GlobalSection(ProjectConfigurationPlatforms) = postSolution
		{3D7209A1-9D7A-4C1C-B5B7-B9E7E0AE6124}.Debug|x64.ActiveCfg = Debug|x64
		{3D7209A1-9D7A-4C1C-B5B7-B9E7E0AE6124}.Debug|x64.Build.0 = Debug|x64
		{3D7209A1-9D7A-4C1C-B5B7-B9E7E0AE6124}.Debug|x86.ActiveCfg = Debug|Win32
		{3D7209A1-9D7A-4C1C-B5B7-B9E7E0AE6124}.Debug|x86.Build.0 = Debug|Win32
		{3D7209A1-9D7A-4C1C-B5B7-B9E7E0AE6124}.Release|x64.ActiveCfg = Release|x64
		{3D7209A1-9D7A-4C1C-B5B7-B9E7E0AE6124}.Release|x64.Build.0 = Release|x64
		{3D7209A1-9D7A-4C1C-B5B7-B9E7E0AE6124}.Release|x86.ActiveCfg = Release|Win32
		{3D7209A1-9D7A-4C1C-B5B7-B9E7E0AE6124}.Release|x86.Build.0 = Release|Win32
	EndGlobalSection
	GlobalSection(SolutionProperties) = preSolution
		HideSolutionNode = FALSE
	EndGlobalSection
	GlobalSection(ExtensibilityGlobals) = postSolution
		SolutionGuid = {C249E041-5890-419A-962C-53D72836A9C3}
	EndGlobalSection
EndGlobal
